
Microsoft Visual Studio Solution File, Format Version 12.00
# Visual Studio Version 17
VisualStudioVersion = 17.9.34723.18
MinimumVisualStudioVersion = 10.0.40219.1
Project("{9A19103F-16F7-4668-BE54-9A1E7A4F7556}") = "DemoLibrary", "DemoLibrary\DemoLibrary.csproj", "{C4CDC034-CE34-4D49-AB62-455396D1E947}"
EndProject
Project("{FAE04EC0-301F-11D3-BF4B-00C04F79EFBC}") = "UserInterface", "UserInterface\UserInterface.csproj", "{05DEF296-4633-4204-811A-3BAA7CAAA61B}"
EndProject
Global
	GlobalSection(SolutionConfigurationPlatforms) = preSolution
		Debug|Any CPU = Debug|Any CPU
		Release|Any CPU = Release|Any CPU
	EndGlobalSection
	GlobalSection(ProjectConfigurationPlatforms) = postSolution
		{C4CDC034-CE34-4D49-AB62-455396D1E947}.Debug|Any CPU.ActiveCfg = Debug|Any CPU
		{C4CDC034-CE34-4D49-AB62-455396D1E947}.Debug|Any CPU.Build.0 = Debug|Any CPU
		{C4CDC034-CE34-4D49-AB62-455396D1E947}.Release|Any CPU.ActiveCfg = Release|Any CPU
		{C4CDC034-CE34-4D49-AB62-455396D1E947}.Release|Any CPU.Build.0 = Release|Any CPU
		{05DEF296-4633-4204-811A-3BAA7CAAA61B}.Debug|Any CPU.ActiveCfg = Debug|Any CPU
		{05DEF296-4633-4204-811A-3BAA7CAAA61B}.Debug|Any CPU.Build.0 = Debug|Any CPU
		{05DEF296-4633-4204-811A-3BAA7CAAA61B}.Release|Any CPU.ActiveCfg = Release|Any CPU
		{05DEF296-4633-4204-811A-3BAA7CAAA61B}.Release|Any CPU.Build.0 = Release|Any CPU
	EndGlobalSection
	GlobalSection(SolutionProperties) = preSolution
		HideSolutionNode = FALSE
	EndGlobalSection
	GlobalSection(ExtensibilityGlobals) = postSolution
		SolutionGuid = {02AA204A-A8DC-44FE-B6EC-424B4BBAEE25}
	EndGlobalSection
EndGlobal
